
Microsoft Visual Studio Solution File, Format Version 12.00
# Visual Studio 14
VisualStudioVersion = 14.0.24720.0
MinimumVisualStudioVersion = 10.0.40219.1
Project("{FAE04EC0-301F-11D3-BF4B-00C04F79EFBC}") = "AngularClientGenerator", "AngularClientGenerator\AngularClientGenerator.csproj", "{426DFF27-C270-4AE3-ABDF-B150056E645B}"
EndProject
Project("{FAE04EC0-301F-11D3-BF4B-00C04F79EFBC}") = "AngularClientGeneratorTest", "AngularClientGeneratorTest\AngularClientGeneratorTest.csproj", "{A599F57C-3055-4EB0-8711-677EDF2F0CA3}"
EndProject
Global
	GlobalSection(SolutionConfigurationPlatforms) = preSolution
		Debug|Any CPU = Debug|Any CPU
		Release|Any CPU = Release|Any CPU
	EndGlobalSection
	GlobalSection(ProjectConfigurationPlatforms) = postSolution
		{426DFF27-C270-4AE3-ABDF-B150056E645B}.Debug|Any CPU.ActiveCfg = Debug|Any CPU
		{426DFF27-C270-4AE3-ABDF-B150056E645B}.Debug|Any CPU.Build.0 = Debug|Any CPU
		{426DFF27-C270-4AE3-ABDF-B150056E645B}.Release|Any CPU.ActiveCfg = Release|Any CPU
		{426DFF27-C270-4AE3-ABDF-B150056E645B}.Release|Any CPU.Build.0 = Release|Any CPU
		{A599F57C-3055-4EB0-8711-677EDF2F0CA3}.Debug|Any CPU.ActiveCfg = Debug|Any CPU
		{A599F57C-3055-4EB0-8711-677EDF2F0CA3}.Debug|Any CPU.Build.0 = Debug|Any CPU
		{A599F57C-3055-4EB0-8711-677EDF2F0CA3}.Release|Any CPU.ActiveCfg = Release|Any CPU
		{A599F57C-3055-4EB0-8711-677EDF2F0CA3}.Release|Any CPU.Build.0 = Release|Any CPU
	EndGlobalSection
	GlobalSection(SolutionProperties) = preSolution
		HideSolutionNode = FALSE
	EndGlobalSection
EndGlobal
