
Microsoft Visual Studio Solution File, Format Version 12.00
# Visual Studio Version 16
VisualStudioVersion = 16.0.28705.295
MinimumVisualStudioVersion = 10.0.40219.1
Project("{FAE04EC0-301F-11D3-BF4B-00C04F79EFBC}") = "AngularClientGenerator.Example", "AngularClientGenerator.Example\AngularClientGenerator.Example.csproj", "{B832BE01-9CA8-4ADF-AB3C-7592759F87DF}"
EndProject
Project("{2150E333-8FDC-42A3-9474-1A3956D46DE8}") = "Example", "Example", "{A1479CF1-2366-4051-B588-5BD999AC1C32}"
EndProject
Project("{FAE04EC0-301F-11D3-BF4B-00C04F79EFBC}") = "AngularClientGenerator.ExampleWebAPI", "AngularClientGenerator.ExampleWebAPI\AngularClientGenerator.ExampleWebAPI.csproj", "{3BA70B22-6B25-4C7A-A8E8-BA35C58ED54C}"
EndProject
Project("{9A19103F-16F7-4668-BE54-9A1E7A4F7556}") = "AngularClientGenerator.Contracts", "AngularClientGenerator.Contracts\AngularClientGenerator.Contracts.csproj", "{F046B58E-5F57-48DB-99A8-698F98F3D1C6}"
EndProject
Project("{9A19103F-16F7-4668-BE54-9A1E7A4F7556}") = "AngularClientGenerator", "AngularClientGenerator\AngularClientGenerator.csproj", "{A0AD4F12-3057-42F5-93E4-B8D4987A8E59}"
EndProject
Project("{FAE04EC0-301F-11D3-BF4B-00C04F79EFBC}") = "AngularClientGenerator.Descriptor", "AngularClientGenerator.Descriptor\AngularClientGenerator.Descriptor.csproj", "{FB399215-719B-41B6-8703-6AE455340FF4}"
EndProject
Project("{9A19103F-16F7-4668-BE54-9A1E7A4F7556}") = "AngularClientGenerator.Test", "AngularClientGenerator.Test\AngularClientGenerator.Test.csproj", "{E01D4DAC-968B-4D91-B0BC-72C3C0F0FE4C}"
EndProject
Project("{FAE04EC0-301F-11D3-BF4B-00C04F79EFBC}") = "AngularClientGenerator.Descriptor.Test", "AngularClientGenerator.Descriptor.Test\AngularClientGenerator.Descriptor.Test.csproj", "{B987AF68-2BE9-43DB-B2CA-768CD7394630}"
EndProject
Project("{2150E333-8FDC-42A3-9474-1A3956D46DE8}") = "NetFramework", "NetFramework", "{D0D6A7A7-07FB-48CD-9F9B-DB5D33246943}"
EndProject
Project("{2150E333-8FDC-42A3-9474-1A3956D46DE8}") = "NetCore", "NetCore", "{5D0E9973-4F81-4262-BA59-1AD0A9506AC9}"
EndProject
Project("{9A19103F-16F7-4668-BE54-9A1E7A4F7556}") = "AngularClientGenerator.Core.ExampleWebAPI", "AngularClientGenerator.Core.ExampleWebAPI\AngularClientGenerator.Core.ExampleWebAPI.csproj", "{5FCF2CDD-9B28-4C27-A0D0-9DC70D43ED82}"
EndProject
Project("{2150E333-8FDC-42A3-9474-1A3956D46DE8}") = "Example", "Example", "{CD45C0B9-4BC8-4F7F-9A68-9D0D242FB521}"
EndProject
Project("{9A19103F-16F7-4668-BE54-9A1E7A4F7556}") = "AngularClientGenerator.Core.Example", "AngularClientGenerator.Core.Example\AngularClientGenerator.Core.Example.csproj", "{E56EEEC7-7FDA-4EA2-93DE-5C03FE953231}"
EndProject
Project("{9A19103F-16F7-4668-BE54-9A1E7A4F7556}") = "AngularClientGenerator.Core.Descriptor", "AngularClientGenerator.Core.Descriptor\AngularClientGenerator.Core.Descriptor.csproj", "{7A04605D-CE71-4C1E-A287-82FCF7510DB3}"
EndProject
Project("{FAE04EC0-301F-11D3-BF4B-00C04F79EFBC}") = "AngularClientGenerator.ExampleWeb", "AngularClientGenerator.ExampleWeb\AngularClientGenerator.ExampleWeb.csproj", "{34DD92D1-99E7-4688-A02C-68CD8D462FB3}"
EndProject
Global
	GlobalSection(SolutionConfigurationPlatforms) = preSolution
		CINetFramework|Any CPU = CINetFramework|Any CPU
		Debug|Any CPU = Debug|Any CPU
		Release|Any CPU = Release|Any CPU
	EndGlobalSection
	GlobalSection(ProjectConfigurationPlatforms) = postSolution
		{B832BE01-9CA8-4ADF-AB3C-7592759F87DF}.CINetFramework|Any CPU.ActiveCfg = CINetFramework|Any CPU
		{B832BE01-9CA8-4ADF-AB3C-7592759F87DF}.CINetFramework|Any CPU.Build.0 = CINetFramework|Any CPU
		{B832BE01-9CA8-4ADF-AB3C-7592759F87DF}.Debug|Any CPU.ActiveCfg = Debug|Any CPU
		{B832BE01-9CA8-4ADF-AB3C-7592759F87DF}.Debug|Any CPU.Build.0 = Debug|Any CPU
		{B832BE01-9CA8-4ADF-AB3C-7592759F87DF}.Release|Any CPU.ActiveCfg = Release|Any CPU
		{B832BE01-9CA8-4ADF-AB3C-7592759F87DF}.Release|Any CPU.Build.0 = Release|Any CPU
		{3BA70B22-6B25-4C7A-A8E8-BA35C58ED54C}.CINetFramework|Any CPU.ActiveCfg = CINetFramework|Any CPU
		{3BA70B22-6B25-4C7A-A8E8-BA35C58ED54C}.CINetFramework|Any CPU.Build.0 = CINetFramework|Any CPU
		{3BA70B22-6B25-4C7A-A8E8-BA35C58ED54C}.Debug|Any CPU.ActiveCfg = Debug|Any CPU
		{3BA70B22-6B25-4C7A-A8E8-BA35C58ED54C}.Debug|Any CPU.Build.0 = Debug|Any CPU
		{3BA70B22-6B25-4C7A-A8E8-BA35C58ED54C}.Release|Any CPU.ActiveCfg = Release|Any CPU
		{3BA70B22-6B25-4C7A-A8E8-BA35C58ED54C}.Release|Any CPU.Build.0 = Release|Any CPU
		{F046B58E-5F57-48DB-99A8-698F98F3D1C6}.CINetFramework|Any CPU.ActiveCfg = CINetFramework|Any CPU
		{F046B58E-5F57-48DB-99A8-698F98F3D1C6}.CINetFramework|Any CPU.Build.0 = CINetFramework|Any CPU
		{F046B58E-5F57-48DB-99A8-698F98F3D1C6}.Debug|Any CPU.ActiveCfg = Debug|Any CPU
		{F046B58E-5F57-48DB-99A8-698F98F3D1C6}.Debug|Any CPU.Build.0 = Debug|Any CPU
		{F046B58E-5F57-48DB-99A8-698F98F3D1C6}.Release|Any CPU.ActiveCfg = Release|Any CPU
		{F046B58E-5F57-48DB-99A8-698F98F3D1C6}.Release|Any CPU.Build.0 = Release|Any CPU
		{A0AD4F12-3057-42F5-93E4-B8D4987A8E59}.CINetFramework|Any CPU.ActiveCfg = CINetFramework|Any CPU
		{A0AD4F12-3057-42F5-93E4-B8D4987A8E59}.CINetFramework|Any CPU.Build.0 = CINetFramework|Any CPU
		{A0AD4F12-3057-42F5-93E4-B8D4987A8E59}.Debug|Any CPU.ActiveCfg = Debug|Any CPU
		{A0AD4F12-3057-42F5-93E4-B8D4987A8E59}.Debug|Any CPU.Build.0 = Debug|Any CPU
		{A0AD4F12-3057-42F5-93E4-B8D4987A8E59}.Release|Any CPU.ActiveCfg = Release|Any CPU
		{A0AD4F12-3057-42F5-93E4-B8D4987A8E59}.Release|Any CPU.Build.0 = Release|Any CPU
		{FB399215-719B-41B6-8703-6AE455340FF4}.CINetFramework|Any CPU.ActiveCfg = CINetFramework|Any CPU
		{FB399215-719B-41B6-8703-6AE455340FF4}.CINetFramework|Any CPU.Build.0 = CINetFramework|Any CPU
		{FB399215-719B-41B6-8703-6AE455340FF4}.Debug|Any CPU.ActiveCfg = Debug|Any CPU
		{FB399215-719B-41B6-8703-6AE455340FF4}.Debug|Any CPU.Build.0 = Debug|Any CPU
		{FB399215-719B-41B6-8703-6AE455340FF4}.Release|Any CPU.ActiveCfg = Release|Any CPU
		{FB399215-719B-41B6-8703-6AE455340FF4}.Release|Any CPU.Build.0 = Release|Any CPU
		{E01D4DAC-968B-4D91-B0BC-72C3C0F0FE4C}.CINetFramework|Any CPU.ActiveCfg = CINetFramework|Any CPU
		{E01D4DAC-968B-4D91-B0BC-72C3C0F0FE4C}.CINetFramework|Any CPU.Build.0 = CINetFramework|Any CPU
		{E01D4DAC-968B-4D91-B0BC-72C3C0F0FE4C}.Debug|Any CPU.ActiveCfg = Debug|Any CPU
		{E01D4DAC-968B-4D91-B0BC-72C3C0F0FE4C}.Debug|Any CPU.Build.0 = Debug|Any CPU
		{E01D4DAC-968B-4D91-B0BC-72C3C0F0FE4C}.Release|Any CPU.ActiveCfg = Release|Any CPU
		{E01D4DAC-968B-4D91-B0BC-72C3C0F0FE4C}.Release|Any CPU.Build.0 = Release|Any CPU
		{B987AF68-2BE9-43DB-B2CA-768CD7394630}.CINetFramework|Any CPU.ActiveCfg = CINetFramework|Any CPU
		{B987AF68-2BE9-43DB-B2CA-768CD7394630}.CINetFramework|Any CPU.Build.0 = CINetFramework|Any CPU
		{B987AF68-2BE9-43DB-B2CA-768CD7394630}.Debug|Any CPU.ActiveCfg = Debug|Any CPU
		{B987AF68-2BE9-43DB-B2CA-768CD7394630}.Debug|Any CPU.Build.0 = Debug|Any CPU
		{B987AF68-2BE9-43DB-B2CA-768CD7394630}.Release|Any CPU.ActiveCfg = Release|Any CPU
		{B987AF68-2BE9-43DB-B2CA-768CD7394630}.Release|Any CPU.Build.0 = Release|Any CPU
		{5FCF2CDD-9B28-4C27-A0D0-9DC70D43ED82}.CINetFramework|Any CPU.ActiveCfg = CINetFramework|Any CPU
		{5FCF2CDD-9B28-4C27-A0D0-9DC70D43ED82}.Debug|Any CPU.ActiveCfg = Debug|Any CPU
		{5FCF2CDD-9B28-4C27-A0D0-9DC70D43ED82}.Debug|Any CPU.Build.0 = Debug|Any CPU
		{5FCF2CDD-9B28-4C27-A0D0-9DC70D43ED82}.Release|Any CPU.ActiveCfg = Release|Any CPU
		{5FCF2CDD-9B28-4C27-A0D0-9DC70D43ED82}.Release|Any CPU.Build.0 = Release|Any CPU
		{E56EEEC7-7FDA-4EA2-93DE-5C03FE953231}.CINetFramework|Any CPU.ActiveCfg = CINetFramework|Any CPU
		{E56EEEC7-7FDA-4EA2-93DE-5C03FE953231}.Debug|Any CPU.ActiveCfg = Debug|Any CPU
		{E56EEEC7-7FDA-4EA2-93DE-5C03FE953231}.Debug|Any CPU.Build.0 = Debug|Any CPU
		{E56EEEC7-7FDA-4EA2-93DE-5C03FE953231}.Release|Any CPU.ActiveCfg = Release|Any CPU
		{E56EEEC7-7FDA-4EA2-93DE-5C03FE953231}.Release|Any CPU.Build.0 = Release|Any CPU
		{7A04605D-CE71-4C1E-A287-82FCF7510DB3}.CINetFramework|Any CPU.ActiveCfg = CINetFramework|Any CPU
		{7A04605D-CE71-4C1E-A287-82FCF7510DB3}.Debug|Any CPU.ActiveCfg = Debug|Any CPU
		{7A04605D-CE71-4C1E-A287-82FCF7510DB3}.Debug|Any CPU.Build.0 = Debug|Any CPU
		{7A04605D-CE71-4C1E-A287-82FCF7510DB3}.Release|Any CPU.ActiveCfg = Release|Any CPU
		{7A04605D-CE71-4C1E-A287-82FCF7510DB3}.Release|Any CPU.Build.0 = Release|Any CPU
		{34DD92D1-99E7-4688-A02C-68CD8D462FB3}.CINetFramework|Any CPU.ActiveCfg = Release|Any CPU
		{34DD92D1-99E7-4688-A02C-68CD8D462FB3}.CINetFramework|Any CPU.Build.0 = Release|Any CPU
		{34DD92D1-99E7-4688-A02C-68CD8D462FB3}.Debug|Any CPU.ActiveCfg = Debug|Any CPU
		{34DD92D1-99E7-4688-A02C-68CD8D462FB3}.Debug|Any CPU.Build.0 = Debug|Any CPU
		{34DD92D1-99E7-4688-A02C-68CD8D462FB3}.Release|Any CPU.ActiveCfg = Release|Any CPU
		{34DD92D1-99E7-4688-A02C-68CD8D462FB3}.Release|Any CPU.Build.0 = Release|Any CPU
	EndGlobalSection
	GlobalSection(SolutionProperties) = preSolution
		HideSolutionNode = FALSE
	EndGlobalSection
	GlobalSection(NestedProjects) = preSolution
		{B832BE01-9CA8-4ADF-AB3C-7592759F87DF} = {A1479CF1-2366-4051-B588-5BD999AC1C32}
		{A1479CF1-2366-4051-B588-5BD999AC1C32} = {D0D6A7A7-07FB-48CD-9F9B-DB5D33246943}
		{3BA70B22-6B25-4C7A-A8E8-BA35C58ED54C} = {A1479CF1-2366-4051-B588-5BD999AC1C32}
		{FB399215-719B-41B6-8703-6AE455340FF4} = {D0D6A7A7-07FB-48CD-9F9B-DB5D33246943}
		{B987AF68-2BE9-43DB-B2CA-768CD7394630} = {D0D6A7A7-07FB-48CD-9F9B-DB5D33246943}
		{5FCF2CDD-9B28-4C27-A0D0-9DC70D43ED82} = {CD45C0B9-4BC8-4F7F-9A68-9D0D242FB521}
		{CD45C0B9-4BC8-4F7F-9A68-9D0D242FB521} = {5D0E9973-4F81-4262-BA59-1AD0A9506AC9}
		{E56EEEC7-7FDA-4EA2-93DE-5C03FE953231} = {CD45C0B9-4BC8-4F7F-9A68-9D0D242FB521}
		{7A04605D-CE71-4C1E-A287-82FCF7510DB3} = {5D0E9973-4F81-4262-BA59-1AD0A9506AC9}
		{34DD92D1-99E7-4688-A02C-68CD8D462FB3} = {A1479CF1-2366-4051-B588-5BD999AC1C32}
	EndGlobalSection
	GlobalSection(ExtensibilityGlobals) = postSolution
		SolutionGuid = {3B3E4525-76E2-4681-B088-FE490FB6A462}
	EndGlobalSection
EndGlobal
